
Microsoft Visual Studio Solution File, Format Version 12.00
# Visual Studio Version 17
VisualStudioVersion = 17.5.002.0
MinimumVisualStudioVersion = 10.0.40219.1
Project("{9A19103F-16F7-4668-BE54-9A1E7A4F7556}") = "FinanceManagerApi", "FinanceManagerApi.csproj", "{859E9D70-2AA2-4975-A5E9-EF3FCD67F1BE}"
EndProject
Global
	GlobalSection(SolutionConfigurationPlatforms) = preSolution
		Debug|Any CPU = Debug|Any CPU
		Release|Any CPU = Release|Any CPU
	EndGlobalSection
	GlobalSection(ProjectConfigurationPlatforms) = postSolution
		{859E9D70-2AA2-4975-A5E9-EF3FCD67F1BE}.Debug|Any CPU.ActiveCfg = Debug|Any CPU
		{859E9D70-2AA2-4975-A5E9-EF3FCD67F1BE}.Debug|Any CPU.Build.0 = Debug|Any CPU
		{859E9D70-2AA2-4975-A5E9-EF3FCD67F1BE}.Release|Any CPU.ActiveCfg = Release|Any CPU
		{859E9D70-2AA2-4975-A5E9-EF3FCD67F1BE}.Release|Any CPU.Build.0 = Release|Any CPU
	EndGlobalSection
	GlobalSection(SolutionProperties) = preSolution
		HideSolutionNode = FALSE
	EndGlobalSection
	GlobalSection(ExtensibilityGlobals) = postSolution
		SolutionGuid = {7C9FEE45-27B9-415D-A6A8-CD886EEE47F7}
	EndGlobalSection
EndGlobal
